
Microsoft Visual Studio Solution File, Format Version 12.00
# Visual Studio 15
VisualStudioVersion = 15.0.26730.10
MinimumVisualStudioVersion = 10.0.40219.1
Project("{FAE04EC0-301F-11D3-BF4B-00C04F79EFBC}") = "Argonfox.Dimmer", "Argonfox.Dimmer\Argonfox.Dimmer.csproj", "{C25BD622-17E3-4AB1-828F-3342F550E52D}"
EndProject
Global
	GlobalSection(SolutionConfigurationPlatforms) = preSolution
		Debug|Any CPU = Debug|Any CPU
		Release|Any CPU = Release|Any CPU
	EndGlobalSection
	GlobalSection(ProjectConfigurationPlatforms) = postSolution
		{C25BD622-17E3-4AB1-828F-3342F550E52D}.Debug|Any CPU.ActiveCfg = Debug|Any CPU
		{C25BD622-17E3-4AB1-828F-3342F550E52D}.Debug|Any CPU.Build.0 = Debug|Any CPU
		{C25BD622-17E3-4AB1-828F-3342F550E52D}.Release|Any CPU.ActiveCfg = Release|Any CPU
		{C25BD622-17E3-4AB1-828F-3342F550E52D}.Release|Any CPU.Build.0 = Release|Any CPU
	EndGlobalSection
	GlobalSection(SolutionProperties) = preSolution
		HideSolutionNode = FALSE
	EndGlobalSection
	GlobalSection(ExtensibilityGlobals) = postSolution
		SolutionGuid = {DE562C98-DAF2-4E94-B649-5A8937EE7480}
	EndGlobalSection
EndGlobal
